{
  "lockfileVersion": 3,
  "requires": true,
  "packages": {
    "": {
      "name": "koyeb",
      "version": "1.0.0",
      "license": "ISC",
      "dependencies": {
        "example": "^0.0.0"
      }
    },
    "node_modules/example": {
      "version": "0.0.0",
      "resolved": "https://registry.npmjs.org/example/-/example-0.0.0.tgz",
      "integrity": "sha512-11vRu9mdKaV2+ju4HUr5qcNs+zvMfo4jnFr34DAT5uZWew5f+ahh5MCiES2Z4gLxjNcfby1d3gxTPDtFzmVr+A==",
      "license": "jetaime_mk108@yahoo.com"
    }
  }
}
